
Microsoft Visual Studio Solution File, Format Version 12.00
# Visual Studio Version 17
VisualStudioVersion = 17.8.34330.188
MinimumVisualStudioVersion = 10.0.40219.1
Project("{9A19103F-16F7-4668-BE54-9A1E7A4F7556}") = "KeyPointApp", "KeyPointApp\KeyPointApp.csproj", "{CC09704C-3D67-4576-8F76-0DFF6AE724CF}"
EndProject
Project("{9A19103F-16F7-4668-BE54-9A1E7A4F7556}") = "SupportLib", "SupportLib\SupportLib.csproj", "{D429057C-EB26-4162-BB44-C6B5D893655E}"
EndProject
Project("{9A19103F-16F7-4668-BE54-9A1E7A4F7556}") = "AlgorithmsLibrary", "AlgorithmsLibrary\AlgorithmsLibrary.csproj", "{D3E32CAB-0D1B-4096-AC8A-CFD7367867B0}"
EndProject
Project("{9A19103F-16F7-4668-BE54-9A1E7A4F7556}") = "ConflationLib", "ConflationLib\ConflationLib.csproj", "{B27BAC19-D924-486D-A846-1B0619AFB8F4}"
EndProject
Project("{9A19103F-16F7-4668-BE54-9A1E7A4F7556}") = "VectorLib", "VectorLib\VectorLib.csproj", "{95D58DCF-9595-49C1-B27A-5A13FAC57560}"
EndProject
Project("{9A19103F-16F7-4668-BE54-9A1E7A4F7556}") = "ComparisonLib", "ComparisonLib\ComparisonLib.csproj", "{1A9802BD-19DE-4471-B7B5-761F494C077C}"
EndProject
Project("{FAE04EC0-301F-11D3-BF4B-00C04F79EFBC}") = "ComparisionLibTestProj", "ComparisionLibTestProj\ComparisionLibTestProj.csproj", "{63F499E9-EC34-4D02-B0E0-FDF434DAA2C2}"
EndProject
Global
	GlobalSection(SolutionConfigurationPlatforms) = preSolution
		Debug|Any CPU = Debug|Any CPU
		Release|Any CPU = Release|Any CPU
	EndGlobalSection
	GlobalSection(ProjectConfigurationPlatforms) = postSolution
		{CC09704C-3D67-4576-8F76-0DFF6AE724CF}.Debug|Any CPU.ActiveCfg = Debug|Any CPU
		{CC09704C-3D67-4576-8F76-0DFF6AE724CF}.Debug|Any CPU.Build.0 = Debug|Any CPU
		{CC09704C-3D67-4576-8F76-0DFF6AE724CF}.Release|Any CPU.ActiveCfg = Release|Any CPU
		{CC09704C-3D67-4576-8F76-0DFF6AE724CF}.Release|Any CPU.Build.0 = Release|Any CPU
		{D429057C-EB26-4162-BB44-C6B5D893655E}.Debug|Any CPU.ActiveCfg = Debug|Any CPU
		{D429057C-EB26-4162-BB44-C6B5D893655E}.Debug|Any CPU.Build.0 = Debug|Any CPU
		{D429057C-EB26-4162-BB44-C6B5D893655E}.Release|Any CPU.ActiveCfg = Release|Any CPU
		{D429057C-EB26-4162-BB44-C6B5D893655E}.Release|Any CPU.Build.0 = Release|Any CPU
		{D3E32CAB-0D1B-4096-AC8A-CFD7367867B0}.Debug|Any CPU.ActiveCfg = Debug|Any CPU
		{D3E32CAB-0D1B-4096-AC8A-CFD7367867B0}.Debug|Any CPU.Build.0 = Debug|Any CPU
		{D3E32CAB-0D1B-4096-AC8A-CFD7367867B0}.Release|Any CPU.ActiveCfg = Release|Any CPU
		{D3E32CAB-0D1B-4096-AC8A-CFD7367867B0}.Release|Any CPU.Build.0 = Release|Any CPU
		{B27BAC19-D924-486D-A846-1B0619AFB8F4}.Debug|Any CPU.ActiveCfg = Debug|Any CPU
		{B27BAC19-D924-486D-A846-1B0619AFB8F4}.Debug|Any CPU.Build.0 = Debug|Any CPU
		{B27BAC19-D924-486D-A846-1B0619AFB8F4}.Release|Any CPU.ActiveCfg = Release|Any CPU
		{B27BAC19-D924-486D-A846-1B0619AFB8F4}.Release|Any CPU.Build.0 = Release|Any CPU
		{95D58DCF-9595-49C1-B27A-5A13FAC57560}.Debug|Any CPU.ActiveCfg = Debug|Any CPU
		{95D58DCF-9595-49C1-B27A-5A13FAC57560}.Debug|Any CPU.Build.0 = Debug|Any CPU
		{95D58DCF-9595-49C1-B27A-5A13FAC57560}.Release|Any CPU.ActiveCfg = Release|Any CPU
		{95D58DCF-9595-49C1-B27A-5A13FAC57560}.Release|Any CPU.Build.0 = Release|Any CPU
		{1A9802BD-19DE-4471-B7B5-761F494C077C}.Debug|Any CPU.ActiveCfg = Debug|Any CPU
		{1A9802BD-19DE-4471-B7B5-761F494C077C}.Debug|Any CPU.Build.0 = Debug|Any CPU
		{1A9802BD-19DE-4471-B7B5-761F494C077C}.Release|Any CPU.ActiveCfg = Release|Any CPU
		{1A9802BD-19DE-4471-B7B5-761F494C077C}.Release|Any CPU.Build.0 = Release|Any CPU
		{63F499E9-EC34-4D02-B0E0-FDF434DAA2C2}.Debug|Any CPU.ActiveCfg = Debug|Any CPU
		{63F499E9-EC34-4D02-B0E0-FDF434DAA2C2}.Debug|Any CPU.Build.0 = Debug|Any CPU
		{63F499E9-EC34-4D02-B0E0-FDF434DAA2C2}.Release|Any CPU.ActiveCfg = Release|Any CPU
		{63F499E9-EC34-4D02-B0E0-FDF434DAA2C2}.Release|Any CPU.Build.0 = Release|Any CPU
	EndGlobalSection
	GlobalSection(SolutionProperties) = preSolution
		HideSolutionNode = FALSE
	EndGlobalSection
	GlobalSection(ExtensibilityGlobals) = postSolution
		SolutionGuid = {C0A953FE-C548-48F3-BBB1-FFD03501FB9C}
	EndGlobalSection
EndGlobal
